
Microsoft Visual Studio Solution File, Format Version 12.00
# Visual Studio Version 17
VisualStudioVersion = 17.3.32804.467
MinimumVisualStudioVersion = 10.0.40219.1
Project("{FAE04EC0-301F-11D3-BF4B-00C04F79EFBC}") = "MoodAnalyzer", "MoodAnalyzer.csproj", "{4DF6E3D3-8D6A-4AE4-9438-92868F07D89E}"
EndProject
Project("{FAE04EC0-301F-11D3-BF4B-00C04F79EFBC}") = "MoodAnalyzerTestCases", "..\MoodAnalyzerTestCases\MoodAnalyzerTestCases.csproj", "{55FF85CC-5991-44E4-A312-E38B38B386E3}"
EndProject
Global
	GlobalSection(SolutionConfigurationPlatforms) = preSolution
		Debug|Any CPU = Debug|Any CPU
		Release|Any CPU = Release|Any CPU
	EndGlobalSection
	GlobalSection(ProjectConfigurationPlatforms) = postSolution
		{4DF6E3D3-8D6A-4AE4-9438-92868F07D89E}.Debug|Any CPU.ActiveCfg = Debug|Any CPU
		{4DF6E3D3-8D6A-4AE4-9438-92868F07D89E}.Debug|Any CPU.Build.0 = Debug|Any CPU
		{4DF6E3D3-8D6A-4AE4-9438-92868F07D89E}.Release|Any CPU.ActiveCfg = Release|Any CPU
		{4DF6E3D3-8D6A-4AE4-9438-92868F07D89E}.Release|Any CPU.Build.0 = Release|Any CPU
		{55FF85CC-5991-44E4-A312-E38B38B386E3}.Debug|Any CPU.ActiveCfg = Debug|Any CPU
		{55FF85CC-5991-44E4-A312-E38B38B386E3}.Debug|Any CPU.Build.0 = Debug|Any CPU
		{55FF85CC-5991-44E4-A312-E38B38B386E3}.Release|Any CPU.ActiveCfg = Release|Any CPU
		{55FF85CC-5991-44E4-A312-E38B38B386E3}.Release|Any CPU.Build.0 = Release|Any CPU
	EndGlobalSection
	GlobalSection(SolutionProperties) = preSolution
		HideSolutionNode = FALSE
	EndGlobalSection
	GlobalSection(ExtensibilityGlobals) = postSolution
		SolutionGuid = {F2031EDD-4D70-44ED-A65C-A697534BFB66}
	EndGlobalSection
EndGlobal
